
Microsoft Visual Studio Solution File, Format Version 12.00
# Visual Studio Version 16
VisualStudioVersion = 16.0.30804.86
MinimumVisualStudioVersion = 10.0.40219.1
Project("{FAE04EC0-301F-11D3-BF4B-00C04F79EFBC}") = "BookRankings", "BookRankings\BookRankings.csproj", "{D197C6BC-248B-44DA-8EAD-7320A2B220B2}"
EndProject
Global
	GlobalSection(SolutionConfigurationPlatforms) = preSolution
		Debug|Any CPU = Debug|Any CPU
		Release|Any CPU = Release|Any CPU
	EndGlobalSection
	GlobalSection(ProjectConfigurationPlatforms) = postSolution
		{D197C6BC-248B-44DA-8EAD-7320A2B220B2}.Debug|Any CPU.ActiveCfg = Debug|Any CPU
		{D197C6BC-248B-44DA-8EAD-7320A2B220B2}.Debug|Any CPU.Build.0 = Debug|Any CPU
		{D197C6BC-248B-44DA-8EAD-7320A2B220B2}.Release|Any CPU.ActiveCfg = Release|Any CPU
		{D197C6BC-248B-44DA-8EAD-7320A2B220B2}.Release|Any CPU.Build.0 = Release|Any CPU
	EndGlobalSection
	GlobalSection(SolutionProperties) = preSolution
		HideSolutionNode = FALSE
	EndGlobalSection
	GlobalSection(ExtensibilityGlobals) = postSolution
		SolutionGuid = {C56CDF58-2ABE-451F-94AD-FFFF7C12835A}
	EndGlobalSection
EndGlobal
